
Microsoft Visual Studio Solution File, Format Version 12.00
# Visual Studio Version 17
VisualStudioVersion = 17.0.32112.339
MinimumVisualStudioVersion = 10.0.40219.1
Project("{FAE04EC0-301F-11D3-BF4B-00C04F79EFBC}") = "Inlämningsuppgift2Webbsäkerhet", "Inlämningsuppgift2Webbsäkerhet\Inlämningsuppgift2Webbsäkerhet.csproj", "{7771137A-0B11-48EC-8D8A-B00DE70368F7}"
EndProject
Global
	GlobalSection(SolutionConfigurationPlatforms) = preSolution
		Debug|Any CPU = Debug|Any CPU
		Release|Any CPU = Release|Any CPU
	EndGlobalSection
	GlobalSection(ProjectConfigurationPlatforms) = postSolution
		{7771137A-0B11-48EC-8D8A-B00DE70368F7}.Debug|Any CPU.ActiveCfg = Debug|Any CPU
		{7771137A-0B11-48EC-8D8A-B00DE70368F7}.Debug|Any CPU.Build.0 = Debug|Any CPU
		{7771137A-0B11-48EC-8D8A-B00DE70368F7}.Release|Any CPU.ActiveCfg = Release|Any CPU
		{7771137A-0B11-48EC-8D8A-B00DE70368F7}.Release|Any CPU.Build.0 = Release|Any CPU
	EndGlobalSection
	GlobalSection(SolutionProperties) = preSolution
		HideSolutionNode = FALSE
	EndGlobalSection
	GlobalSection(ExtensibilityGlobals) = postSolution
		SolutionGuid = {1F848CEE-0F3A-4179-8159-649539BACE84}
	EndGlobalSection
EndGlobal
